# Generated from requirements.in for CPython 3.12 on Linux x86_64.
# Every selected wheel is pinned and SHA-256 verified. Do not edit by hand.
# Regeneration input: pip 26.1 resolver report, 2026-08-06.

aiohappyeyeballs==2.7.1 --hash=sha256:9243213661e29250eb41368e5daa826fc017156c3b8a11440826b2e3ed376472
aiohttp==3.14.3 --hash=sha256:543906c127fb1d929b95076db19b83fa2d46751006ff1e23b093aa5ac4d8db42
aiosignal==1.4.0 --hash=sha256:053243f8b92b990551949e63930a839ff0cf0b0ebbe0597b0f3fb19e1a0fe82e
annotated-doc==0.0.5 --hash=sha256:117bac03a25ede5df5440e855b32d556049ca169ead221505badf432fed4b101
annotated-types==0.8.0 --hash=sha256:f072f4d804ea359e4eaf198b1af7a8b0943881a87f31bb764f8bf219bb9419e0
anthropic==0.120.2 --hash=sha256:0f0bc2b381dc0eb41c8d886b815d79c2041cd2374f83aed36f574b6dc9c579c1
anyio==4.14.2 --hash=sha256:9f505dda5ac9f0c8309b5e8bd445a8c2bf7246f3ce950121e45ea15bc41d1494
apache-tvm-ffi==0.1.9 --hash=sha256:f45eb43499acac45ff6c93564f0ff2d3ca27b69656d540fd56ce59d51c0b4c65
astor==0.8.1 --hash=sha256:070a54e890cefb5b3739d19f30f5a5ec840ffc9c50ffa7d23cc9fc1a38ebbfc5
attrs==26.1.0 --hash=sha256:c647aa4a12dfbad9333ca4e71fe62ddc36f4e63b2d260a37a8b83d2f043ac309
audioread==3.1.0 --hash=sha256:b30d1df6c5d3de5dcef0fb0e256f6ea17bdcf5f979408df0297d8a408e2971b4
av==18.0.0 --hash=sha256:ae56b40b6f8b067a8ad2dac664fbfbabac7f7a55b9a7bb031eb99289252bc017
blake3==1.0.9 --hash=sha256:bcd56a7a972c4185070f7042ccc20166927eec3c0f98b8405f375d007b604a0b
cachetools==7.1.7 --hash=sha256:ef98ef375ad188819ef2f9b3645e3987f4b8c5b7550e436ad998c2de78296df0
cbor2==6.1.4 --hash=sha256:310f3dfb296ba48fe9b63c5cf26e691e3548a1eae6901d2f0c18e941d151f220
certifi==2026.7.22 --hash=sha256:62f22742b58a1a33014a2b6b706588a8d7e2a88ae7bd1a6ebe8c992928483775
cffi==2.1.1 --hash=sha256:c1453022f490d2459a11819d83ad1d586e9ff65a12ac3e705ffebd46d3685dcf
charset-normalizer==3.4.9 --hash=sha256:5e226f6218febc71f6c1fc2fafb91c226f75bdc1d8fb12d66823716e891608fd
click==8.4.2 --hash=sha256:e6f9f66136c816745b9d65817da91d61d957fb16e02e4dcd0552553c5a197b76
cloudpickle==3.1.2 --hash=sha256:9acb47f6afd73f60dc1df93bb801b472f05ff42fa6c84167d25cb206be1fbf4a
compressed-tensors==0.17.0 --hash=sha256:4a1b89b508f7efb8ffb4eee8a6e69e0452d9b080cae130146025c64fbe9fa9aa
contourpy==1.3.3 --hash=sha256:4d00e655fcef08aba35ec9610536bfe90267d7ab5ba944f7032549c55a146da1
cryptography==50.0.0 --hash=sha256:82148ec5bddac30b51a5b3c1945075f896fa022cb93f8e4a01e9f6ee95292c5f
cuda-bindings==13.3.1 --hash=sha256:e32d08f71ebcdf00f0f41eab2eb37e8da94c8ed411cc9f7f7a019ce6b34abe3a
cuda-core==1.0.1 --hash=sha256:be7b65311bf78964b7905adbf3c0f8f717d432f2854dc45169277729bf60f1e2
cuda-pathfinder==1.6.0 --hash=sha256:1503af579d8379c24bdd65528379bc57039b0455be9f5f9686cf8e473a1fce51
cuda-python==13.3.1 --hash=sha256:280b014139ab447b6dd70a377db1596f310d6e887d9d342e6651b919ec145fb3
cuda-tile==1.3.0 --hash=sha256:e4865acbff1172aaee304bf9c550586088d8b4545a384423597a590899386709
cuda-toolkit==13.0.2 --hash=sha256:b198824cf2f54003f50d64ada3a0f184b42ca0846c1c94192fa269ecd97a66eb
cycler==0.12.1 --hash=sha256:85cef7cff222d8644161529808465972e51340599459b8ac3ccbac5a854e0d30
datasets==5.0.1 --hash=sha256:9fbf73688f8c18f7529b4fe592abd04015f81d1e58001e4bac73ffb2b39d7cc4
decorator==5.3.1 --hash=sha256:f47fe6fdbd2edd623ecfe36875d37aba411624e2670dd395dddae1358689bb3c
depyf==0.20.0 --hash=sha256:d31effad4261cebecb58955d832e448ace88f432328f95f82fd99c30fd9308d4
detect-installer==0.1.0 --hash=sha256:034fb20fd665c36e6ba52b8821525ea07fb4f7f938cac459df889fb33801528a
dill==0.4.1 --hash=sha256:1e1ce33e978ae97fcfcff5638477032b801c46c7c65cf717f95fbc2248f79a9d
diskcache==5.6.3 --hash=sha256:5e31b2d5fbad117cc363ebaf6b689474db18a1f6438bc82358b024abd4c2ca19
distro==1.9.0 --hash=sha256:7bffd925d65168f85027d8da9af6bddab658135b840670a223589bc0c8ef02b2
dnspython==2.8.0 --hash=sha256:01d9bbc4a2d76bf0db7c1f729812ded6d912bd318d3b1cf81d30c0f845dbf3af
docstring_parser==0.18.0 --hash=sha256:b3fcbed555c47d8479be0796ef7e19c2670d428d72e96da63f3a40122860374b
einops==0.8.2 --hash=sha256:54058201ac7087911181bfec4af6091bb59380360f069276601256a76af08193
email-validator==2.3.0 --hash=sha256:80f13f623413e6b197ae73bb10bf4eb0908faf509ad8362c5edeb0be7fd450b4
fastapi==0.136.3 --hash=sha256:3d2a69bdf04b7e9f3afa292c3bc7a98816bbfafa10bc9b45f3f3700d2f761620
fastapi-cli==0.0.32 --hash=sha256:8dcc286fa32f01bbd3f65dd09cfd5a2540ed5f2230b77db7fd30978d6165f3c4
fastapi-cloud-cli==0.23.0 --hash=sha256:1cd2ffa56e92e92c1fc63acc426c214dd928cbeed2a4c7c6a9a5fc85ea73de16
fastar==0.11.0 --hash=sha256:ef5a6071121e05d8287fc75bccb054bcbac8bb0501200a0c0a8feeace5303ea4
fastsafetensors==0.3.3 --hash=sha256:3587bc66b8dec560ad903becf9540889013d4d47f0e10cf45f19bedc7b7bffa7
filelock==3.32.2 --hash=sha256:87dd94cf281e586d135fa51132b8e3d9a598b316e90377a288663c9321036c82
flashinfer-cubin==0.6.12 --hash=sha256:01de132c493bb21d5df42ebe6890966cf83b40aa970dae06b2a3c0bed85f13ec
flashinfer-python==0.6.12 --hash=sha256:0c7a01e586b4796810d974cbf13a9c0eb2ade6a94d12e3220cf7782a1c09b8d3
fonttools==4.63.0 --hash=sha256:58dc6bb86a78d782f00f9190ca02c119cf5bbe2807536e361e18d42019f877d8
frozenlist==1.8.0 --hash=sha256:494a5952b1c597ba44e0e78113a7266e656b9794eec897b19ead706bd7074383
fsspec==2026.6.0 --hash=sha256:02e0b71817df9b2169dc30a16832045764def1191b43dcff5bb85bdee212d2a1
gguf==0.19.0 --hash=sha256:70bcd10edfe697fb2dad6e40af2234b9d8ece9a41a99761405121ebda1c3c1cd
googleapis-common-protos==1.75.1 --hash=sha256:28a1934bcd33b9c9da66ac301a0a4227e3367f095a17d0375cb98f0a09d93b79
grpcio==1.71.0 --hash=sha256:d5170929109450a2c031cfe87d6716f2fae39695ad5335d9106ae88cc32dc84c
h11==0.16.0 --hash=sha256:63cf8bbe7522de3bf65932fda1d9c2772064ffb3dae62d55932da54b31cb6c86
hf-xet==1.6.0 --hash=sha256:d62671bb130879cef0ee4c9ebe47a14af6c66ec53e6d84dc15936e5ffdfac82f
httpcore==1.0.9 --hash=sha256:2d400746a40668fc9dec9810239072b40b4484b640a8c38fd654a024c7a1bf55
httpcore2==2.9.1 --hash=sha256:6182472379e855fe4221246a2bb7ecede403bc61c6798062ae1787d051ccde26
httptools==0.8.0 --hash=sha256:b15fc622b0f869d19207c4089a501d9bcc63ca5e071ffdd2f03f922df882dcb2
httpx==0.28.1 --hash=sha256:d909fcccc110f8c7faf814ca82a9a4d816bc5a6dbfea25d6591d6985b8ba59ad
httpx2==2.9.1 --hash=sha256:1820fe14a9ab1107bfeff39259987429450b070ec0ff38cc87eb0d8c97fdc71a
huggingface_hub==0.36.2 --hash=sha256:48f0c8eac16145dfce371e9d2d7772854a4f591bcb56c9cf548accf531d54270
humming-kernels==0.1.4 --hash=sha256:c85094cd7cf8cdd959c5e2f7f239a7d72a7640ec1f948787434bc06e24e9ed00
idna==3.18 --hash=sha256:7f952cbe720b688055e3f87de14f5c3e5fdaa8bc3928985c4077ca689de849a2
ijson==3.5.1 --hash=sha256:e4fcebfe1685bb7ba06a8255a5d428ea6b4b895d7acf979cb637d8bbc9db2f47
interegular==0.3.3 --hash=sha256:b0c07007d48c89d6d19f7204972d369b2a77222722e126b6aa63aa721dc3b19c
Jinja2==3.1.6 --hash=sha256:85ece4451f492d0c13c5dd7c13a64681a86afae63a5f347908daf103ce6d2f67
jiter==0.16.0 --hash=sha256:46add52f4ad47a08bfb1219f3e673da972191489a33016edefdb5ea55bfa8c48
jmespath==1.1.0 --hash=sha256:a5663118de4908c91729bea0acadca56526eb2698e83de10cd116ae0f4e97c64
joblib==1.5.3 --hash=sha256:5fc3c5039fc5ca8c0276333a188bbd59d6b7ab37fe6632daa76bc7f9ec18e713
jsonschema==4.26.0 --hash=sha256:d489f15263b8d200f8387e64b4c3a75f06629559fb73deb8fdfb525f2dab50ce
jsonschema-specifications==2025.9.1 --hash=sha256:98802fee3a11ee76ecaca44429fda8a41bff98b00a0f2838151b113f210cc6fe
kiwisolver==1.5.0 --hash=sha256:bb5136fb5352d3f422df33f0c879a1b0c204004324150cc3b5e3c4f310c9049f
lark==1.2.2 --hash=sha256:c2276486b02f0f1b90be155f2c8ba4a8e194d42775786db622faccd652d8e80c
lazy-loader==0.5 --hash=sha256:ab0ea149e9c554d4ffeeb21105ac60bed7f3b4fd69b1d2360a4add51b170b005
librosa==0.11.0 --hash=sha256:0b6415c4fd68bff4c29288abe67c6d80b587e0e1e2cfb0aad23e4559504a7fa1
llguidance==1.7.6 --hash=sha256:ceec951d29a74309984e3be0fe7f5f56c1362434cd937abd517b259a60908b1e
llvmlite==0.47.0 --hash=sha256:5853bf26160857c0c2573415ff4efe01c4c651e59e2c55c2a088740acfee51cd
lm-format-enforcer==0.11.3 --hash=sha256:cf586350875def1ae7a8fba84fcbbfc8371424b6c9d05c1fcba70aa233fbf06f
loguru==0.7.3 --hash=sha256:31a33c10c8e1e10422bfd431aeb5d351c7cf7fa671e3c4df004162264b28220c
markdown-it-py==4.2.0 --hash=sha256:9f7ebbcd14fe59494226453aed97c1070d83f8d24b6fc3a3bcf9a38092641c4a
MarkupSafe==3.0.3 --hash=sha256:d6dd0be5b5b189d31db7cda48b91d7e0a9795f31430b7f271219ab30f1d3ac9d
matplotlib==3.10.7 --hash=sha256:d5f256d49fea31f40f166a5e3131235a5d2f4b7f44520b1cf0baf1ce568ccff0
mcp==2.0.0 --hash=sha256:1cb4c75d2d2c7b8c1d756355e5d82a39f2822cc7f13e22a2051d7ca3592349d6
mcp-types==2.0.0 --hash=sha256:6b2de797ca2797f568b79529e1b25948e34de511bcc0bd82fef1039a6d1b8eb0
mdurl==0.1.2 --hash=sha256:84008a41e51615a49fc9966191ff91509e3c40b939176e643fd50a5c2196b8f8
mistral_common==1.11.7 --hash=sha256:a9511b88eacacbe7dacddd9d3498c1739f56847b7fdddbd5a22e7844fd9def95
ml_dtypes==0.5.4 --hash=sha256:9ad459e99793fa6e13bd5b7e6792c8f9190b4e5a1b45c63aba14a4d0a7f1d5ff
model-hosting-container-standards==0.1.16 --hash=sha256:47f4f65713120bc3a69feb022981a38db9e557aedf88dbd72077f20588caa12b
mpmath==1.3.0 --hash=sha256:a0b2b9fe80bbcd81a6647ff13108738cfb482d481d826cc0e02f5b35e5c88d2c
msgpack==1.2.1 --hash=sha256:020e881a764b20d8d7ca1a54fc01b8175519d108e3c3f194fddc200bda95951a
msgspec==0.21.1 --hash=sha256:21995e74b5c598c2e004110ad66ec7f1b8c20bf2bcf3b2de8fd9a3094422d3ff
multidict==6.7.1 --hash=sha256:bfde23ef6ed9db7eaee6c37dcec08524cb43903c60b285b172b6c094711b3961
multiprocess==0.70.19 --hash=sha256:3a56c0e85dd5025161bac5ce138dcac1e49174c7d8e74596537e729fd5c53c28
narwhals==2.24.0 --hash=sha256:42fdedf44e5b2ca7505630d45b4ac3058f38d8485cba9fe1652ca23152df7489
networkx==3.6.1 --hash=sha256:d47fbf302e7d9cbbb9e2555a0d267983d2aa476bac30e90dfbe5669bd57f3762
ninja==1.13.0 --hash=sha256:fb46acf6b93b8dd0322adc3a4945452a4e774b75b91293bafcc7b7f8e6517dfa
numba==0.65.0 --hash=sha256:a52d92ffd297c10364bce60cd1fcb88f99284ab5df085f2c6bcd1cb33b529a6f
numpy==2.3.5 --hash=sha256:0d8163f43acde9a73c2a33605353a4f1bc4798745a8b1d73183b28e5b435ae28
nvidia-cublas==13.1.0.3 --hash=sha256:ee8722c1f0145ab246bccb9e452153b5e0515fd094c3678df50b2a0888b8b171
nvidia-cuda-cccl==13.0.85 --hash=sha256:e0da7ad981f3a8aff08241b5bfc1af868742a63e2762f53a5171c492ef242649
nvidia-cuda-crt==13.0.88 --hash=sha256:2c8043c7c9e02492716426e9919fc78d2c5b3b2a7a768a88e952676b08aa55a4
nvidia-cuda-cupti==13.0.85 --hash=sha256:4eb01c08e859bf924d222250d2e8f8b8ff6d3db4721288cf35d14252a4d933c8
nvidia-cuda-nvcc==13.0.88 --hash=sha256:56fe502eb77625a12f25172caa3cdddb4e4c8ba2c8c17dba44b164761b380f03
nvidia-cuda-nvrtc==13.0.88 --hash=sha256:ad9b6d2ead2435f11cbb6868809d2adeeee302e9bb94bcf0539c7a40d80e8575
nvidia-cuda-runtime==13.0.96 --hash=sha256:7f82250d7782aa23b6cfe765ecc7db554bd3c2870c43f3d1821f1d18aebf0548
nvidia-cuda-tileiras==13.2.86 --hash=sha256:832f360aa8ce478ff878c4e6630cd767349a597ea54382e7c07a835b0daead96
nvidia-cudnn-cu13==9.19.0.56 --hash=sha256:d20e1734305e9d68889a96e3f35094d733ff1f83932ebe462753973e53a572bf
nvidia-cudnn-frontend==1.26.0 --hash=sha256:1a1223c4e2e8bbe6f620148d6848f4eb773dd94bef534d5b748e91232b5be618
nvidia-cufft==12.0.0.61 --hash=sha256:6c44f692dce8fd5ffd3e3df134b6cdb9c2f72d99cf40b62c32dde45eea9ddad3
nvidia-cufile==1.15.1.6 --hash=sha256:08a3ecefae5a01c7f5117351c64f17c7c62efa5fffdbe24fc7d298da19cd0b44
nvidia-curand==10.4.0.35 --hash=sha256:1aee33a5da6e1db083fe2b90082def8915f30f3248d5896bcec36a579d941bfc
nvidia-cusolver==12.0.4.66 --hash=sha256:0a759da5dea5c0ea10fd307de75cdeb59e7ea4fcb8add0924859b944babf1112
nvidia-cusparse==12.6.3.3 --hash=sha256:2b3c89c88d01ee0e477cb7f82ef60a11a4bcd57b6b87c33f789350b59759360b
nvidia-cusparselt-cu13==0.8.0 --hash=sha256:25e30a8a7323935d4ad0340b95a0b69926eee755767e8e0b1cf8dd85b197d3fd
nvidia-cutlass-dsl==4.5.2 --hash=sha256:68ed1b63ca74aae87955012da9dfd7fdaae471329d0028b229b841c7192ccf52
nvidia-cutlass-dsl-libs-base==4.5.2 --hash=sha256:15ef6a59193667e663934ef4873f8ccad37455e9b7c3c419c3072113b8aedf61
nvidia-cutlass-dsl-libs-cu13==4.5.2 --hash=sha256:80f0cd402e0f1d1571e5aed33bfa17dbc9cb90cc5b1352f0f806b4788558e80e
nvidia-ml-py==13.610.43 --hash=sha256:f13c72698edef492f985cc225f14faafe68ae065a2e407f45bdf6f4b9b43fde8
nvidia-nccl-cu13==2.28.9 --hash=sha256:e4553a30f34195f3fa1da02a6da3d6337d28f2003943aa0a3d247bbc25fefc42
nvidia-nvjitlink==13.0.88 --hash=sha256:13a74f429e23b921c1109976abefacc69835f2f433ebd323d3946e11d804e47b
nvidia-nvshmem-cu13==3.4.5 --hash=sha256:290f0a2ee94c9f3687a02502f3b9299a9f9fe826e6d0287ee18482e78d495b80
nvidia-nvtx==13.0.85 --hash=sha256:4936d1d6780fbe68db454f5e72a42ff64d1fd6397df9f363ae786930fd5c1cd4
nvidia-nvvm==13.0.88 --hash=sha256:c5f41ffeb6466944a026dfa5317d7d85355c119bbec279205d22f1869d1054e0
openai==2.53.0 --hash=sha256:c694ffc747a3c4d1663ef2b07b811315a476164ee5efa3a993967349ebca7618
openai-harmony==0.0.8 --hash=sha256:c007d277218a50db8839e599ed78e0fffe5130f614c3f6d93ae257f282071a29
opencv-python-headless==5.0.0.93 --hash=sha256:ed709fdf9aa0bd1f2ed8549e71d19449b03a675bb581eb292285f6861953be37
opentelemetry-api==1.44.0 --hash=sha256:94b98c893a91b88657eaac1e3ba89618cdb85be6918196705354f34728b2cdef
opentelemetry-exporter-otlp==1.44.0 --hash=sha256:4a498fa8d8fd8be9e8e2d175fe5524a3fe581ccffadd8509db86526a5fb97051
opentelemetry-exporter-otlp-proto-common==1.44.0 --hash=sha256:9a9fe61bba73d802904bc989f1d6b4a7b1ee40f06c40e98d6f85af65aaebb694
opentelemetry-exporter-otlp-proto-grpc==1.44.0 --hash=sha256:6a1a645ea182a2f59440c51fa8301d309f3324a8f9d65f8395584b064b67ee4e
opentelemetry-exporter-otlp-proto-http==1.44.0 --hash=sha256:838592fce774c1c8bb7b9a0a7facbfa82e17be5a8a4e94cef10cb84ae026bae3
opentelemetry-proto==1.44.0 --hash=sha256:898b155a0e1557afd867478fb6158e8122a46329ca0bb8dc53cc55e98f017f56
opentelemetry-sdk==1.44.0 --hash=sha256:df081c4c6bcfdb1211e3e86140376792643128a25f8d72d1d27675936e7e96ad
opentelemetry-semantic-conventions==0.65b0 --hash=sha256:1cacde7b0ad306f84c5ef08c3dbe1bbaf20165bba6f8bff43b670e555a086bcb
opentelemetry-semantic-conventions-ai==0.5.1 --hash=sha256:25aeb22bd261543b4898a73824026d96770e5351209c7d07a0b1314762b1f6e4
outlines_core==0.2.14 --hash=sha256:3bb2060c240c4507f334965a8948dbeeb22007560d797f6debd92346c0b620cb
packaging==26.3 --hash=sha256:d7193f7c8e4e93f444fde0262bf90af30e16fa0ad0ad44cb553c87339b23cd1c
pandas==3.0.5 --hash=sha256:d373ce03ffd84010ed9839fa73672a9c8256990532e158440c0085db7d914b34
partial-json-parser==0.2.1.1.post7 --hash=sha256:145119e5eabcf80cbb13844a6b50a85c68bf99d376f8ed771e2a3c3b03e653ae
pillow==12.3.0 --hash=sha256:78cb2c6865a35ab8ff8b75fd122f6033b92a62c82801110e48ddd6c936a45d91
platformdirs==4.11.0 --hash=sha256:360ccded2b7fce0af0ff80cc8f5942a1c5d99b0e856033acb030bfc634709e74
pooch==1.9.0 --hash=sha256:f265597baa9f760d25ceb29d0beb8186c243d6607b0f60b83ecf14078dbc703b
prometheus-fastapi-instrumentator==8.1.0 --hash=sha256:b9f40b2cff3f7891ca0610b3ae4fc6ec723fd326b04bb659819aaeb821a0fc7d
prometheus_client==0.26.0 --hash=sha256:fa93d06737aa02bacd05794768508bb97d2fbee28cb3bca04eaae92f0ca953d6
propcache==0.5.2 --hash=sha256:6f328175a2cde1f0ff2c4ed8ce968b9dcfb55f3a7153f39e2957ed994da13476
protobuf==7.35.1 --hash=sha256:74758715c53d7158fb76caf4f0cfdacc5329a4b1bb994f865d6cf302d413a1c4
psutil==7.2.2 --hash=sha256:076a2d2f923fd4821644f5ba89f059523da90dc9014e85f8e45a5774ca5bc6f9
py-cpuinfo==9.0.0 --hash=sha256:859625bc251f64e21f077d099d4162689c762b5d6a4c3c97553d56241c9674d5
pyarrow==25.0.0 --hash=sha256:5d1dbf24e151042f2fa3c129563f65d66674128868496fb008c4272b16bdf778
pybase64==1.4.3 --hash=sha256:bb632edfd132b3eaf90c39c89aa314beec4e946e210099b57d40311f704e11d4
pycountry==26.2.16 --hash=sha256:115c4baf7cceaa30f59a4694d79483c9167dbce7a9de4d3d571c5f3ea77c305a
pycparser==3.0 --hash=sha256:b727414169a36b7d524c1c3e31839a521725078d7b2ff038656844266160a992
pydantic==2.13.4 --hash=sha256:45a282cde31d808236fd7ea9d919b128653c8b38b393d1c4ab335c62924d9aba
pydantic-extra-types==2.11.1 --hash=sha256:1722ea2bddae5628ace25f2aa685b69978ef533123e5638cfbddb999e0100ec1
pydantic-settings==2.14.2 --hash=sha256:a20c97b37910b6550d5ea50fbcc2d4187defe58cd57070b73863d069419c9440
pydantic_core==2.46.4 --hash=sha256:926c9541b14b12b1681dca8a0b75feb510b06c6341b70a8e500c2fdcff837cce
pyelftools==0.33 --hash=sha256:f215ad5f47d3f1373a21496a6c9e0707c622840d0622f23ff7ce08678b020036
Pygments==2.20.0 --hash=sha256:81a9e26dd42fd28a23a2d169d86d7ac03b46e2f8b59ed4698fb4785f946d0176
PyJWT==2.13.0 --hash=sha256:66adcc2aff09b3f1bbd95fc1e1577df8ac8723c978552fd43304c8a290ac5728
pyparsing==3.3.2 --hash=sha256:850ba148bd908d7e2411587e247a1e4f0327839c40e2e5e6d05a007ecc69911d
python-dateutil==2.9.0.post0 --hash=sha256:a8b2bc7bffae282281c8140a97d3aa9c14da0b136dfe83f850eea9a5f7470427
python-dotenv==1.2.2 --hash=sha256:1d8214789a24de455a8b8bd8ae6fe3c6b69a5e3d64aa8a8e5d68e694bbcb285a
python-json-logger==4.1.0 --hash=sha256:132994765cf75bf44554be9aa49b06ef2345d23661a96720262716438141b6b2
python-multipart==0.0.32 --hash=sha256:ff6d3f776f16878c894e52e107296ffc890e913c611b1a4ec6c44e2821fe2e23
PyYAML==6.0.3 --hash=sha256:ba1cc08a7ccde2d2ec775841541641e4548226580ab850948cbfda66a1befcdc
pyzmq==27.1.0 --hash=sha256:43ad9a73e3da1fab5b0e7e13402f0b2fb934ae1c876c51d0afff0e7c052eca31
quack-kernels==0.5.0 --hash=sha256:08821ebfb8e638cc20308d5c59410c6dbb3b637ccc7b07bd57c7a9261a06af74
referencing==0.37.0 --hash=sha256:381329a9f99628c9069361716891d34ad94af76e461dcb0335825aecc7692231
regex==2026.7.19 --hash=sha256:9dce8ec9695f531a1b8a6f314fd4b393adcccf2ea861db480cdf97a301d01a68
requests==2.34.2 --hash=sha256:2a0d60c172f83ac6ab31e4554906c0f3b3588d37b5cb939b1c061f4907e278e0
rich==15.0.0 --hash=sha256:33bd4ef74232fb73fe9279a257718407f169c09b78a87ad3d296f548e27de0bb
rich-toolkit==0.20.3 --hash=sha256:419aa87516d5f3849cca553c6dcf707c02a36d508fcf996946606725d34a3002
rignore==0.8.1 --hash=sha256:2e68cfc4ee0a2909952af2aebd608d1cd22f7d1cdce332cb0b5ea3762939865d
rpds-py==2026.6.3 --hash=sha256:ecabd69db66de867690f9797f2f8fa27ba501bbc24540cbdbdc649cd15888ba6
safetensors==0.8.0 --hash=sha256:fd6f3f93c9a0a7cc2788ee63fb763353d4bd2e89b0751bc78fcf7dda00bea774
scikit-learn==1.9.0 --hash=sha256:056c92bb67ad4c28463c2f2653d9701449201e7e7a9e94e321be0f71c4fef2b8
scipy==1.18.0 --hash=sha256:1f55797419e16e7f30cf88ffb3113ce0467f00cfe3f70d5c281730b21769bfc2
sentencepiece==0.2.2 --hash=sha256:c8a168b040bc61681293f79a949b5d911c8e25086f4260285b8d97ab5f1195da
sentry-sdk==2.66.1 --hash=sha256:86002793161d9a95ef04bdd8d442e9bfece5d989b755f05d6360215094a7aff6
setproctitle==1.3.7 --hash=sha256:2906b6c7959cdb75f46159bf0acd8cc9906cf1361c9e1ded0d065fe8f9039629
setuptools==80.10.2 --hash=sha256:95b30ddfb717250edb492926c92b5221f7ef3fbcc2b07579bcd4a27da21d0173
shellingham==1.5.4 --hash=sha256:7ecfff8f2fd72616f7481040475a65b2bf8af90a56c89140852d1120324e8686
six==1.17.0 --hash=sha256:4721f391ed90541fddacab5acf947aa0d3dc7d27b2e1e8eda2be8970586c3274
sniffio==1.3.1 --hash=sha256:2f6da418d1f1e0fddd844478f41680e794e6051915791a034ff65e5f100525a2
soundfile==0.14.0 --hash=sha256:1e38bac1853412871318e82a1ba69a8be677619b56025bbfcccdb41b6cafe82d
soxr==1.1.0 --hash=sha256:3b033078e86f3c4a658e5697fac8995764fad9e799563616b630136b613167f1
sse-starlette==3.4.8 --hash=sha256:6e82314c786709a3cd9520f2285cf9fff90e181e598e8a357b0cf80f66afba0d
starlette==1.4.1 --hash=sha256:7d078e0fbefae0d2cecfb80a799d6fb84b1c0c6acd4f14ac79d17d0e7ec27f19
supervisor==4.3.0 --hash=sha256:0bcb763fddafba410f35cbde226aa7f8514b9fb82eb05a0c85f6588d1c13f8db
sympy==1.14.0 --hash=sha256:e091cc3e99d2141a0ba2847328f5479b05d94a6635cb96148ccb3f34671bd8f5
tabulate==0.10.0 --hash=sha256:f0b0622e567335c8fabaaa659f1b33bcb6ddfe2e496071b743aa113f8774f2d3
threadpoolctl==3.6.0 --hash=sha256:43a0b8fd5a2928500110039e43a5eed8480b918967083ea48dc3ab9f13c4a7fb
tiktoken==0.13.0 --hash=sha256:a116178fa7e1b4065bff05214360373a65cac22f965be7b3f73d00a0dbfe7649
tilelang==0.1.9 --hash=sha256:4bbccfe9035aed775ffafb6dc25a5994504b24e2c5d95d0f39643edfafa7bf12
tokenizers==0.22.2 --hash=sha256:369cc9fc8cc10cb24143873a0d95438bb8ee257bb80c71989e3ee290e8d72c67
tokenspeed-mla==0.1.2 --hash=sha256:c9466a351fe039792e56cf49f3e79744c1dc28c7af10306a02e62b8e92fa5985
tokenspeed-triton==3.8.10.post20260721 --hash=sha256:66cba8d32a1539afd0ff3eec1782b082d01b4db6824d68017d1d789a03d0be37
torch==2.11.0 --hash=sha256:0f68f4ac6d95d12e896c3b7a912b5871619542ec54d3649cf48cc1edd4dd2756
torch_c_dlpack_ext==0.1.5 --hash=sha256:e6f9da4bb9af70e27facc777458be62e10dbbbddda7672d16138db0553c5a524
torchaudio==2.11.0 --hash=sha256:6503c0bdb29daf2e6281bb70ea2dfe2c3553b782b619eb5d73bdadd8a3f7cecf
torchvision==0.26.0 --hash=sha256:d61a5abb6b42a0c0c311996c2ac4b83a94418a97182c83b055a2a4ae985e05aa
tqdm==4.70.0 --hash=sha256:7f585706bfddbdebf89daac705b2dfcc16890130727d3197ca62c732b4310953
transformers==4.57.6 --hash=sha256:4c9e9de11333ddfe5114bc872c9f370509198acf0b87a832a0ab9458e2bd0550
triton==3.6.0 --hash=sha256:74caf5e34b66d9f3a429af689c1c7128daba1d8208df60e81106b115c00d6fca
truststore==0.10.4 --hash=sha256:adaeaecf1cbb5f4de3b1959b42d41f6fab57b2b1666adb59e89cb0b53361d981
typer==0.27.1 --hash=sha256:53150287edd11baeb4e4722c8e394fcdf8181c0ae89485cba8d25c778d5edd56
typing-inspection==0.4.2 --hash=sha256:4ed1cacbdc298c220f1bd249ed5287caa16f34d44ef4e9c3d0cbad5b521545e7
typing_extensions==4.16.0 --hash=sha256:481caa481374e813c1b176ada14e97f1f67a4539ce9cfeb3f350d78d6370c2e8
urllib3==2.7.0 --hash=sha256:9fb4c81ebbb1ce9531cce37674bbc6f1360472bc18ca9a553ede278ef7276897
uvicorn==0.52.1 --hash=sha256:e4403f9d93188cf9d1088e9f40e3acd12630e2df8675316704379a7fc20fff6a
uvloop==0.22.1 --hash=sha256:7b5b1ac819a3f946d3b2ee07f09149578ae76066d70b44df3fa990add49a82e4
vllm==0.23.0 --hash=sha256:872aeb7c36a1ea942216af067ce870ffdf960804e829367e1b4eb36d4831c03c
watchfiles==1.2.0 --hash=sha256:e53a384f76b631c3ae5334ce6a52f0baa3a911eb94a4eac7f160079868b716d5
websockets==15.0.1 --hash=sha256:64dee438fed052b52e4f98f76c5790513235efaa1ef7f3f2192c392cd7c91b65
xgrammar==0.2.3 --hash=sha256:fdf081fab29694302d41d61dcf52fad7d253879a718bc6afc68db0a0dabd7f19
xxhash==3.8.1 --hash=sha256:82c0cedd280eab2e8291270e6c04894dbc096f8159a39dcf1807429f026ca3cc
yarl==1.24.5 --hash=sha256:f08c7513ecef5aad65687bfdf6bc601ae9fccd04a42904501f8f7141abad9eb9
z3-solver==4.15.4.0 --hash=sha256:7e103a6f203f505b8b8b8e5c931cc407c95b61556512d4921c1ddc0b3f41b08e
